{
  "name": "qualiscore",
  "version": "0.1.0",
  "lockfileVersion": 3,
  "requires": true,
  "packages": {
    "": {
      "name": "qualiscore",
      "version": "0.1.0",
      "license": "CC-BY-SA-4.0",
      "dependencies": {
        "wget-parser": "^2.0.0"
      }
    },
    "node_modules/through3": {
      "version": "1.1.7",
      "resolved": "https://registry.npmjs.org/through3/-/through3-1.1.7.tgz",
      "integrity": "sha512-9bUZXDGridMzC3uqRKw+ilb4n4S0Fo6AQNi9wM9zBYHJpQVsfI4JaroFSACXmDKViL+upDI3+V/io3UwlCTmtA==",
      "license": "MIT"
    },
    "node_modules/wget-parser": {
      "version": "2.0.0",
      "resolved": "https://registry.npmjs.org/wget-parser/-/wget-parser-2.0.0.tgz",
      "integrity": "sha512-Wsf7KuxYvtK0foDEBV8hfZygsfVj19hewWTuF3iYAlaSSm3eF/B5yCztxR65Cg5tkVilphr1hV6IeA6s141vLQ==",
      "license": "MIT",
      "dependencies": {
        "through3": "~1.1.5"
      },
      "bin": {
        "wget-parser": "bin/wget-parser",
        "wget-spider": "bin/wget-spider"
      }
    }
  }
}
